// !$*UTF8*$!
{
	archiveVersion = 1;
	classes = {
	};
	objectVersion = 46;
	objects = {

/* Begin PBXBuildFile section */
		0E1ADEAE1E2144DE007EEACD /* MWPToast.m in Sources */ = {isa = PBXBuildFile; fileRef = 0E1ADEAD1E2144DE007EEACD /* MWPToast.m */; };
		0E26F3971E065FE6000780D0 /* MWPCookie.m in Sources */ = {isa = PBXBuildFile; fileRef = 0E26F3961E065FE6000780D0 /* MWPCookie.m */; };
		0E29ACAD1E07AB0E00BA9120 /* MWPLogService.m in Sources */ = {isa = PBXBuildFile; fileRef = 0E29ACAA1E07AB0E00BA9120 /* MWPLogService.m */; };
		0E29ACAE1E07AB0E00BA9120 /* MWPRootUIService.m in Sources */ = {isa = PBXBuildFile; fileRef = 0E29ACAC1E07AB0E00BA9120 /* MWPRootUIService.m */; };
		0E29ACB41E07B49800BA9120 /* MWPNetworkStatus.m in Sources */ = {isa = PBXBuildFile; fileRef = 0E29ACB31E07B49800BA9120 /* MWPNetworkStatus.m */; };
		0E29ACB71E07C39600BA9120 /* MWPNetworkService.m in Sources */ = {isa = PBXBuildFile; fileRef = 0E29ACB61E07C39600BA9120 /* MWPNetworkService.m */; };
		0E2D79431E1BF6A700FD245F /* ProductCell.m in Sources */ = {isa = PBXBuildFile; fileRef = 0E2D79421E1BF6A700FD245F /* ProductCell.m */; };
		0E333BC11E18F156001A2496 /* MWPBaseViewModel.m in Sources */ = {isa = PBXBuildFile; fileRef = 0E333BC01E18F156001A2496 /* MWPBaseViewModel.m */; };
		0E333BCF1E1901AA001A2496 /* .gitignore in Resources */ = {isa = PBXBuildFile; fileRef = 0E333BC41E1901AA001A2496 /* .gitignore */; };
		0E333BD01E1901AA001A2496 /* .gitignore in Resources */ = {isa = PBXBuildFile; fileRef = 0E333BC61E1901AA001A2496 /* .gitignore */; };
		0E333BD11E1901AA001A2496 /* .gitignore in Resources */ = {isa = PBXBuildFile; fileRef = 0E333BC81E1901AA001A2496 /* .gitignore */; };
		0E333BD71E1902AF001A2496 /* ProductListViewController.m in Sources */ = {isa = PBXBuildFile; fileRef = 0E333BD51E1902AF001A2496 /* ProductListViewController.m */; };
		0E333BDA1E1902BE001A2496 /* ProductListViewModel.m in Sources */ = {isa = PBXBuildFile; fileRef = 0E333BD91E1902BE001A2496 /* ProductListViewModel.m */; };
		0E333BDD1E19047D001A2496 /* MWPBaseListViewModel.m in Sources */ = {isa = PBXBuildFile; fileRef = 0E333BDC1E19047D001A2496 /* MWPBaseListViewModel.m */; };
		0E333BE01E1952A4001A2496 /* MWPBaseModel.m in Sources */ = {isa = PBXBuildFile; fileRef = 0E333BDF1E1952A3001A2496 /* MWPBaseModel.m */; };
		0E333BE31E1A5085001A2496 /* MWPBaseViewController.m in Sources */ = {isa = PBXBuildFile; fileRef = 0E333BE21E1A5085001A2496 /* MWPBaseViewController.m */; };
		0E333BE61E1A50B8001A2496 /* MWPBaseListViewController.m in Sources */ = {isa = PBXBuildFile; fileRef = 0E333BE51E1A50B8001A2496 /* MWPBaseListViewController.m */; };
		0E64C3A51E0D0C3900DE7A98 /* MWPNetwork.m in Sources */ = {isa = PBXBuildFile; fileRef = 0E64C3A41E0D0C3900DE7A98 /* MWPNetwork.m */; };
		0E95A07B1E02323C00CE6E66 /* MWPDDLogFormatter.m in Sources */ = {isa = PBXBuildFile; fileRef = 0E95A07A1E02323C00CE6E66 /* MWPDDLogFormatter.m */; };
		0E9EF5311E1AA3F600486318 /* ProductModel.m in Sources */ = {isa = PBXBuildFile; fileRef = 0E9EF5301E1AA3F500486318 /* ProductModel.m */; };
		0FE8AF94182C5304346BCBAC /* Images.xcassets in Resources */ = {isa = PBXBuildFile; fileRef = D360A83F31E2A2601CCAB252 /* Images.xcassets */; };
		2DE9BC91D6B19F75D5890F12 /* LaunchScreen.xib in Resources */ = {isa = PBXBuildFile; fileRef = 11EA1346795476457926C53D /* LaunchScreen.xib */; };
		4CB25D197CFB75C52AC6095B /* libPods-MWPiOSLibrary.a in Frameworks */ = {isa = PBXBuildFile; fileRef = 60986D4491186313655295F0 /* libPods-MWPiOSLibrary.a */; };
		5115AAD4FEF82CEE9540C1D6 /* libPods-unit_tests-UnitTests.a in Frameworks */ = {isa = PBXBuildFile; fileRef = 0A607CDB638F06585BAB90B3 /* libPods-unit_tests-UnitTests.a */; };
		55B281850F0E0F82118CE8AC /* AppDelegate.m in Sources */ = {isa = PBXBuildFile; fileRef = 0969C6A6F98B4F356500B3E3 /* AppDelegate.m */; };
		D9FE1AADA2FDB63ADE73D795 /* Foundation.framework in Frameworks */ = {isa = PBXBuildFile; fileRef = 0DE3A9CE19E31FC78B08C254 /* Foundation.framework */; };
		E35DB2756C61C4E5F2B077E6 /* main.m in Sources */ = {isa = PBXBuildFile; fileRef = 25FBC3579BF7A875629A3746 /* main.m */; };
/* End PBXBuildFile section */

/* Begin PBXContainerItemProxy section */
		D398DF654C27C4DBB86F780C /* PBXContainerItemProxy */ = {
			isa = PBXContainerItemProxy;
			containerPortal = 49847336CFB820B516BAC577 /* Project object */;
			proxyType = 1;
			remoteGlobalIDString = DE242ECF3E6831C8629B44FE;
			remoteInfo = MWPiOSLibrary;
		};
/* End PBXContainerItemProxy section */

/* Begin PBXFileReference section */
		05F99C60C1762708DE3BB878 /* Pods-MWPiOSLibrary.debug.xcconfig */ = {isa = PBXFileReference; includeInIndex = 1; lastKnownFileType = text.xcconfig; name = "Pods-MWPiOSLibrary.debug.xcconfig"; path = "Pods/Target Support Files/Pods-MWPiOSLibrary/Pods-MWPiOSLibrary.debug.xcconfig"; sourceTree = "<group>"; };
		0969C6A6F98B4F356500B3E3 /* AppDelegate.m */ = {isa = PBXFileReference; includeInIndex = 1; lastKnownFileType = sourcecode.c.objc; path = AppDelegate.m; sourceTree = "<group>"; };
		0A607CDB638F06585BAB90B3 /* libPods-unit_tests-UnitTests.a */ = {isa = PBXFileReference; explicitFileType = archive.ar; includeInIndex = 0; path = "libPods-unit_tests-UnitTests.a"; sourceTree = BUILT_PRODUCTS_DIR; };
		0DE3A9CE19E31FC78B08C254 /* Foundation.framework */ = {isa = PBXFileReference; lastKnownFileType = wrapper.framework; name = Foundation.framework; path = Platforms/iPhoneOS.platform/Developer/SDKs/iPhoneOS9.0.sdk/System/Library/Frameworks/Foundation.framework; sourceTree = DEVELOPER_DIR; };
		0E1ADEAC1E2144DE007EEACD /* MWPToast.h */ = {isa = PBXFileReference; fileEncoding = 4; lastKnownFileType = sourcecode.c.h; path = MWPToast.h; sourceTree = "<group>"; };
		0E1ADEAD1E2144DE007EEACD /* MWPToast.m */ = {isa = PBXFileReference; fileEncoding = 4; lastKnownFileType = sourcecode.c.objc; path = MWPToast.m; sourceTree = "<group>"; };
		0E26F3951E065FE6000780D0 /* MWPCookie.h */ = {isa = PBXFileReference; fileEncoding = 4; lastKnownFileType = sourcecode.c.h; path = MWPCookie.h; sourceTree = "<group>"; };
		0E26F3961E065FE6000780D0 /* MWPCookie.m */ = {isa = PBXFileReference; fileEncoding = 4; lastKnownFileType = sourcecode.c.objc; path = MWPCookie.m; sourceTree = "<group>"; };
		0E29ACA91E07AB0E00BA9120 /* MWPLogService.h */ = {isa = PBXFileReference; fileEncoding = 4; lastKnownFileType = sourcecode.c.h; path = MWPLogService.h; sourceTree = "<group>"; };
		0E29ACAA1E07AB0E00BA9120 /* MWPLogService.m */ = {isa = PBXFileReference; fileEncoding = 4; lastKnownFileType = sourcecode.c.objc; path = MWPLogService.m; sourceTree = "<group>"; };
		0E29ACAB1E07AB0E00BA9120 /* MWPRootUIService.h */ = {isa = PBXFileReference; fileEncoding = 4; lastKnownFileType = sourcecode.c.h; path = MWPRootUIService.h; sourceTree = "<group>"; };
		0E29ACAC1E07AB0E00BA9120 /* MWPRootUIService.m */ = {isa = PBXFileReference; fileEncoding = 4; lastKnownFileType = sourcecode.c.objc; path = MWPRootUIService.m; sourceTree = "<group>"; };
		0E29ACB21E07B49800BA9120 /* MWPNetworkStatus.h */ = {isa = PBXFileReference; fileEncoding = 4; lastKnownFileType = sourcecode.c.h; path = MWPNetworkStatus.h; sourceTree = "<group>"; };
		0E29ACB31E07B49800BA9120 /* MWPNetworkStatus.m */ = {isa = PBXFileReference; fileEncoding = 4; lastKnownFileType = sourcecode.c.objc; path = MWPNetworkStatus.m; sourceTree = "<group>"; };
		0E29ACB51E07C39600BA9120 /* MWPNetworkService.h */ = {isa = PBXFileReference; fileEncoding = 4; lastKnownFileType = sourcecode.c.h; path = MWPNetworkService.h; sourceTree = "<group>"; };
		0E29ACB61E07C39600BA9120 /* MWPNetworkService.m */ = {isa = PBXFileReference; fileEncoding = 4; lastKnownFileType = sourcecode.c.objc; path = MWPNetworkService.m; sourceTree = "<group>"; };
		0E2D79411E1BF6A700FD245F /* ProductCell.h */ = {isa = PBXFileReference; fileEncoding = 4; lastKnownFileType = sourcecode.c.h; path = ProductCell.h; sourceTree = "<group>"; };
		0E2D79421E1BF6A700FD245F /* ProductCell.m */ = {isa = PBXFileReference; fileEncoding = 4; lastKnownFileType = sourcecode.c.objc; path = ProductCell.m; sourceTree = "<group>"; };
		0E333BBF1E18F156001A2496 /* MWPBaseViewModel.h */ = {isa = PBXFileReference; fileEncoding = 4; lastKnownFileType = sourcecode.c.h; path = MWPBaseViewModel.h; sourceTree = "<group>"; };
		0E333BC01E18F156001A2496 /* MWPBaseViewModel.m */ = {isa = PBXFileReference; fileEncoding = 4; lastKnownFileType = sourcecode.c.objc; path = MWPBaseViewModel.m; sourceTree = "<group>"; };
		0E333BC41E1901AA001A2496 /* .gitignore */ = {isa = PBXFileReference; fileEncoding = 4; lastKnownFileType = text; path = .gitignore; sourceTree = "<group>"; };
		0E333BC61E1901AA001A2496 /* .gitignore */ = {isa = PBXFileReference; fileEncoding = 4; lastKnownFileType = text; path = .gitignore; sourceTree = "<group>"; };
		0E333BC81E1901AA001A2496 /* .gitignore */ = {isa = PBXFileReference; fileEncoding = 4; lastKnownFileType = text; path = .gitignore; sourceTree = "<group>"; };
		0E333BD51E1902AF001A2496 /* ProductListViewController.m */ = {isa = PBXFileReference; fileEncoding = 4; lastKnownFileType = sourcecode.c.objc; path = ProductListViewController.m; sourceTree = "<group>"; };
		0E333BD61E1902AF001A2496 /* ProductListViewController.h */ = {isa = PBXFileReference; fileEncoding = 4; lastKnownFileType = sourcecode.c.h; path = ProductListViewController.h; sourceTree = "<group>"; };
		0E333BD81E1902BE001A2496 /* ProductListViewModel.h */ = {isa = PBXFileReference; fileEncoding = 4; lastKnownFileType = sourcecode.c.h; path = ProductListViewModel.h; sourceTree = "<group>"; };
		0E333BD91E1902BE001A2496 /* ProductListViewModel.m */ = {isa = PBXFileReference; fileEncoding = 4; lastKnownFileType = sourcecode.c.objc; path = ProductListViewModel.m; sourceTree = "<group>"; };
		0E333BDB1E19047D001A2496 /* MWPBaseListViewModel.h */ = {isa = PBXFileReference; fileEncoding = 4; lastKnownFileType = sourcecode.c.h; path = MWPBaseListViewModel.h; sourceTree = "<group>"; };
		0E333BDC1E19047D001A2496 /* MWPBaseListViewModel.m */ = {isa = PBXFileReference; fileEncoding = 4; lastKnownFileType = sourcecode.c.objc; path = MWPBaseListViewModel.m; sourceTree = "<group>"; };
		0E333BDE1E1952A3001A2496 /* MWPBaseModel.h */ = {isa = PBXFileReference; fileEncoding = 4; lastKnownFileType = sourcecode.c.h; path = MWPBaseModel.h; sourceTree = "<group>"; };
		0E333BDF1E1952A3001A2496 /* MWPBaseModel.m */ = {isa = PBXFileReference; fileEncoding = 4; lastKnownFileType = sourcecode.c.objc; path = MWPBaseModel.m; sourceTree = "<group>"; };
		0E333BE11E1A5085001A2496 /* MWPBaseViewController.h */ = {isa = PBXFileReference; fileEncoding = 4; lastKnownFileType = sourcecode.c.h; path = MWPBaseViewController.h; sourceTree = "<group>"; };
		0E333BE21E1A5085001A2496 /* MWPBaseViewController.m */ = {isa = PBXFileReference; fileEncoding = 4; lastKnownFileType = sourcecode.c.objc; path = MWPBaseViewController.m; sourceTree = "<group>"; };
		0E333BE41E1A50B8001A2496 /* MWPBaseListViewController.h */ = {isa = PBXFileReference; fileEncoding = 4; lastKnownFileType = sourcecode.c.h; path = MWPBaseListViewController.h; sourceTree = "<group>"; };
		0E333BE51E1A50B8001A2496 /* MWPBaseListViewController.m */ = {isa = PBXFileReference; fileEncoding = 4; lastKnownFileType = sourcecode.c.objc; path = MWPBaseListViewController.m; sourceTree = "<group>"; };
		0E64C3A31E0D0C3900DE7A98 /* MWPNetwork.h */ = {isa = PBXFileReference; fileEncoding = 4; lastKnownFileType = sourcecode.c.h; path = MWPNetwork.h; sourceTree = "<group>"; };
		0E64C3A41E0D0C3900DE7A98 /* MWPNetwork.m */ = {isa = PBXFileReference; fileEncoding = 4; lastKnownFileType = sourcecode.c.objc; path = MWPNetwork.m; sourceTree = "<group>"; };
		0E95A0721E018A8B00CE6E66 /* MWPApplicationMacro.h */ = {isa = PBXFileReference; lastKnownFileType = sourcecode.c.h; path = MWPApplicationMacro.h; sourceTree = "<group>"; };
		0E95A0791E02323C00CE6E66 /* MWPDDLogFormatter.h */ = {isa = PBXFileReference; fileEncoding = 4; lastKnownFileType = sourcecode.c.h; path = MWPDDLogFormatter.h; sourceTree = "<group>"; };
		0E95A07A1E02323C00CE6E66 /* MWPDDLogFormatter.m */ = {isa = PBXFileReference; fileEncoding = 4; lastKnownFileType = sourcecode.c.objc; path = MWPDDLogFormatter.m; sourceTree = "<group>"; };
		0E9EF52F1E1AA3F500486318 /* ProductModel.h */ = {isa = PBXFileReference; fileEncoding = 4; lastKnownFileType = sourcecode.c.h; path = ProductModel.h; sourceTree = "<group>"; };
		0E9EF5301E1AA3F500486318 /* ProductModel.m */ = {isa = PBXFileReference; fileEncoding = 4; lastKnownFileType = sourcecode.c.objc; path = ProductModel.m; sourceTree = "<group>"; };
		11EA1346795476457926C53D /* LaunchScreen.xib */ = {isa = PBXFileReference; includeInIndex = 1; lastKnownFileType = file.xib; path = LaunchScreen.xib; sourceTree = "<group>"; };
		25FBC3579BF7A875629A3746 /* main.m */ = {isa = PBXFileReference; includeInIndex = 1; lastKnownFileType = sourcecode.c.objc; path = main.m; sourceTree = "<group>"; };
		2626B43C02C7ED91C67F9D5F /* Pods-MWPiOSLibrary.qa.xcconfig */ = {isa = PBXFileReference; includeInIndex = 1; lastKnownFileType = text.xcconfig; name = "Pods-MWPiOSLibrary.qa.xcconfig"; path = "Pods/Target Support Files/Pods-MWPiOSLibrary/Pods-MWPiOSLibrary.qa.xcconfig"; sourceTree = "<group>"; };
		2748354CA9048B541818F56E /* UnitTests.xctest */ = {isa = PBXFileReference; explicitFileType = wrapper.cfbundle; includeInIndex = 0; path = UnitTests.xctest; sourceTree = BUILT_PRODUCTS_DIR; };
		3CDA6D935228E41B4040542C /* Pods-MWPiOSLibrary.adhoc.xcconfig */ = {isa = PBXFileReference; includeInIndex = 1; lastKnownFileType = text.xcconfig; name = "Pods-MWPiOSLibrary.adhoc.xcconfig"; path = "Pods/Target Support Files/Pods-MWPiOSLibrary/Pods-MWPiOSLibrary.adhoc.xcconfig"; sourceTree = "<group>"; };
		416E8774A454E31DA735695B /* MWPiOSLibrary.app */ = {isa = PBXFileReference; explicitFileType = wrapper.application; includeInIndex = 0; path = MWPiOSLibrary.app; sourceTree = BUILT_PRODUCTS_DIR; };
		4D0AA6F02E5148416E328E30 /* MWPVendorMacro.h */ = {isa = PBXFileReference; includeInIndex = 1; lastKnownFileType = sourcecode.c.h; path = MWPVendorMacro.h; sourceTree = "<group>"; };
		4F2E90BFCEFD962478FD7984 /* UnitTests-Info.plist */ = {isa = PBXFileReference; includeInIndex = 1; lastKnownFileType = text.plist.xml; path = "UnitTests-Info.plist"; sourceTree = "<group>"; };
		4F9D65114810CF486A659325 /* Info.plist */ = {isa = PBXFileReference; includeInIndex = 1; lastKnownFileType = text.plist.xml; path = Info.plist; sourceTree = "<group>"; };
		539135E9EE5A2011AFACF386 /* MWPApiMacro.h */ = {isa = PBXFileReference; includeInIndex = 1; lastKnownFileType = sourcecode.c.h; path = MWPApiMacro.h; sourceTree = "<group>"; };
		60986D4491186313655295F0 /* libPods-MWPiOSLibrary.a */ = {isa = PBXFileReference; explicitFileType = archive.ar; includeInIndex = 0; path = "libPods-MWPiOSLibrary.a"; sourceTree = BUILT_PRODUCTS_DIR; };
		89017BAF769C5F1BD8E58718 /* MWPFontMacro.h */ = {isa = PBXFileReference; includeInIndex = 1; lastKnownFileType = sourcecode.c.h; path = MWPFontMacro.h; sourceTree = "<group>"; };
		941E41FB0E13E5365A8D09A3 /* MWPNotificationMacro.h */ = {isa = PBXFileReference; includeInIndex = 1; lastKnownFileType = sourcecode.c.h; path = MWPNotificationMacro.h; sourceTree = "<group>"; };
		BEC645320DC37890DAC9AE22 /* UnitTests-Prefix.pch */ = {isa = PBXFileReference; includeInIndex = 1; lastKnownFileType = sourcecode.c.h; path = "UnitTests-Prefix.pch"; sourceTree = "<group>"; };
		C0FF6332677A6FE431C1A77A /* Pods-unit_tests-UnitTests.qa.xcconfig */ = {isa = PBXFileReference; includeInIndex = 1; lastKnownFileType = text.xcconfig; name = "Pods-unit_tests-UnitTests.qa.xcconfig"; path = "Pods/Target Support Files/Pods-unit_tests-UnitTests/Pods-unit_tests-UnitTests.qa.xcconfig"; sourceTree = "<group>"; };
		C1F8B71EEF8102641F3F3DDA /* Pods-unit_tests-UnitTests.release.xcconfig */ = {isa = PBXFileReference; includeInIndex = 1; lastKnownFileType = text.xcconfig; name = "Pods-unit_tests-UnitTests.release.xcconfig"; path = "Pods/Target Support Files/Pods-unit_tests-UnitTests/Pods-unit_tests-UnitTests.release.xcconfig"; sourceTree = "<group>"; };
		D360A83F31E2A2601CCAB252 /* Images.xcassets */ = {isa = PBXFileReference; includeInIndex = 1; lastKnownFileType = folder.assetcatalog; path = Images.xcassets; sourceTree = "<group>"; };
		D91E3E6543A36303AAAF1A51 /* MWPiOSLibrary-Prefix.pch */ = {isa = PBXFileReference; includeInIndex = 1; lastKnownFileType = sourcecode.c.h; path = "MWPiOSLibrary-Prefix.pch"; sourceTree = "<group>"; };
		DA93D57A5A8CA1053CE0836C /* Pods-unit_tests-UnitTests.adhoc.xcconfig */ = {isa = PBXFileReference; includeInIndex = 1; lastKnownFileType = text.xcconfig; name = "Pods-unit_tests-UnitTests.adhoc.xcconfig"; path = "Pods/Target Support Files/Pods-unit_tests-UnitTests/Pods-unit_tests-UnitTests.adhoc.xcconfig"; sourceTree = "<group>"; };
		DF51C2A50172A8C5C7718BB7 /* MWPMacro.h */ = {isa = PBXFileReference; includeInIndex = 1; lastKnownFileType = sourcecode.c.h; path = MWPMacro.h; sourceTree = "<group>"; };
		E123E88848EDA484EE8C75B2 /* MWPColorMacro.h */ = {isa = PBXFileReference; includeInIndex = 1; lastKnownFileType = sourcecode.c.h; path = MWPColorMacro.h; sourceTree = "<group>"; };
		EA8DC57F4E07F1F0DD4C123F /* Pods-unit_tests-UnitTests.debug.xcconfig */ = {isa = PBXFileReference; includeInIndex = 1; lastKnownFileType = text.xcconfig; name = "Pods-unit_tests-UnitTests.debug.xcconfig"; path = "Pods/Target Support Files/Pods-unit_tests-UnitTests/Pods-unit_tests-UnitTests.debug.xcconfig"; sourceTree = "<group>"; };
		FAF826039082853C78B856BA /* Pods-MWPiOSLibrary.release.xcconfig */ = {isa = PBXFileReference; includeInIndex = 1; lastKnownFileType = text.xcconfig; name = "Pods-MWPiOSLibrary.release.xcconfig"; path = "Pods/Target Support Files/Pods-MWPiOSLibrary/Pods-MWPiOSLibrary.release.xcconfig"; sourceTree = "<group>"; };
		FB400EF9838F4B7C5E3F54BE /* AppDelegate.h */ = {isa = PBXFileReference; includeInIndex = 1; lastKnownFileType = sourcecode.c.h; path = AppDelegate.h; sourceTree = "<group>"; };
/* End PBXFileReference section */

/* Begin PBXFrameworksBuildPhase section */
		6B27BE51C0EACAD97E774775 /* Frameworks */ = {
			isa = PBXFrameworksBuildPhase;
			buildActionMask = 2147483647;
			files = (
				5115AAD4FEF82CEE9540C1D6 /* libPods-unit_tests-UnitTests.a in Frameworks */,
			);
			runOnlyForDeploymentPostprocessing = 0;
		};
		935671936E96FBC40B88F03A /* Frameworks */ = {
			isa = PBXFrameworksBuildPhase;
			buildActionMask = 2147483647;
			files = (
				D9FE1AADA2FDB63ADE73D795 /* Foundation.framework in Frameworks */,
				4CB25D197CFB75C52AC6095B /* libPods-MWPiOSLibrary.a in Frameworks */,
			);
			runOnlyForDeploymentPostprocessing = 0;
		};
/* End PBXFrameworksBuildPhase section */

/* Begin PBXGroup section */
		00D02A922F29EF5FB5744F0F /* Plist */ = {
			isa = PBXGroup;
			children = (
				4F9D65114810CF486A659325 /* Info.plist */,
			);
			path = Plist;
			sourceTree = "<group>";
		};
		056A5936A58D86F561551F65 /* View */ = {
			isa = PBXGroup;
			children = (
			);
			path = View;
			sourceTree = "<group>";
		};
		06A4FD06F417E002C66A0991 /* Category */ = {
			isa = PBXGroup;
			children = (
				0E95A0781E0230F300CE6E66 /* UIView */,
			);
			path = Category;
			sourceTree = "<group>";
		};
		0E1ADEAB1E2144C1007EEACD /* Toast */ = {
			isa = PBXGroup;
			children = (
				0E1ADEAC1E2144DE007EEACD /* MWPToast.h */,
				0E1ADEAD1E2144DE007EEACD /* MWPToast.m */,
			);
			path = Toast;
			sourceTree = "<group>";
		};
		0E26F3941E065F9C000780D0 /* Network */ = {
			isa = PBXGroup;
			children = (
				0E64C3A31E0D0C3900DE7A98 /* MWPNetwork.h */,
				0E64C3A41E0D0C3900DE7A98 /* MWPNetwork.m */,
				0E26F3951E065FE6000780D0 /* MWPCookie.h */,
				0E26F3961E065FE6000780D0 /* MWPCookie.m */,
				0E29ACB21E07B49800BA9120 /* MWPNetworkStatus.h */,
				0E29ACB31E07B49800BA9120 /* MWPNetworkStatus.m */,
			);
			path = Network;
			sourceTree = "<group>";
		};
		0E333BC21E1901AA001A2496 /* TestHotword */ = {
			isa = PBXGroup;
			children = (
				0E333BC31E1901AA001A2496 /* DataManager */,
				0E333BC51E1901AA001A2496 /* Model */,
				0E333BC71E1901AA001A2496 /* View */,
				0E333BC91E1901AA001A2496 /* ViewController */,
				0E333BCB1E1901AA001A2496 /* ViewModel */,
			);
			path = TestHotword;
			sourceTree = "<group>";
		};
		0E333BC31E1901AA001A2496 /* DataManager */ = {
			isa = PBXGroup;
			children = (
				0E333BC41E1901AA001A2496 /* .gitignore */,
			);
			path = DataManager;
			sourceTree = "<group>";
		};
		0E333BC51E1901AA001A2496 /* Model */ = {
			isa = PBXGroup;
			children = (
				0E333BC61E1901AA001A2496 /* .gitignore */,
				0E9EF52F1E1AA3F500486318 /* ProductModel.h */,
				0E9EF5301E1AA3F500486318 /* ProductModel.m */,
			);
			path = Model;
			sourceTree = "<group>";
		};
		0E333BC71E1901AA001A2496 /* View */ = {
			isa = PBXGroup;
			children = (
				0E333BC81E1901AA001A2496 /* .gitignore */,
				0E2D79411E1BF6A700FD245F /* ProductCell.h */,
				0E2D79421E1BF6A700FD245F /* ProductCell.m */,
			);
			path = View;
			sourceTree = "<group>";
		};
		0E333BC91E1901AA001A2496 /* ViewController */ = {
			isa = PBXGroup;
			children = (
				0E333BD61E1902AF001A2496 /* ProductListViewController.h */,
				0E333BD51E1902AF001A2496 /* ProductListViewController.m */,
			);
			path = ViewController;
			sourceTree = "<group>";
		};
		0E333BCB1E1901AA001A2496 /* ViewModel */ = {
			isa = PBXGroup;
			children = (
				0E333BD81E1902BE001A2496 /* ProductListViewModel.h */,
				0E333BD91E1902BE001A2496 /* ProductListViewModel.m */,
			);
			path = ViewModel;
			sourceTree = "<group>";
		};
		0E95A0771E0230E000CE6E66 /* Log */ = {
			isa = PBXGroup;
			children = (
				0E95A0791E02323C00CE6E66 /* MWPDDLogFormatter.h */,
				0E95A07A1E02323C00CE6E66 /* MWPDDLogFormatter.m */,
			);
			path = Log;
			sourceTree = "<group>";
		};
		0E95A0781E0230F300CE6E66 /* UIView */ = {
			isa = PBXGroup;
			children = (
			);
			path = UIView;
			sourceTree = "<group>";
		};
		0EF0F3A91E03869C00B5F0A3 /* AppDelegateService */ = {
			isa = PBXGroup;
			children = (
				0E29ACA91E07AB0E00BA9120 /* MWPLogService.h */,
				0E29ACAA1E07AB0E00BA9120 /* MWPLogService.m */,
				0E29ACAB1E07AB0E00BA9120 /* MWPRootUIService.h */,
				0E29ACAC1E07AB0E00BA9120 /* MWPRootUIService.m */,
				0E29ACB51E07C39600BA9120 /* MWPNetworkService.h */,
				0E29ACB61E07C39600BA9120 /* MWPNetworkService.m */,
			);
			path = AppDelegateService;
			sourceTree = "<group>";
		};
		1B7B14300522E06596B8DB5A /* Model */ = {
			isa = PBXGroup;
			children = (
				0E333BDE1E1952A3001A2496 /* MWPBaseModel.h */,
				0E333BDF1E1952A3001A2496 /* MWPBaseModel.m */,
			);
			path = Model;
			sourceTree = "<group>";
		};
		1B9C02FFF269AD52973E7AF9 /* Base */ = {
			isa = PBXGroup;
			children = (
				1B7B14300522E06596B8DB5A /* Model */,
				CB1F9559CBDD81D45393317A /* DataManager */,
				B3B60DFD406EBB8D42577076 /* ViewModel */,
				ECD80AE62A9A9037FE98482C /* ViewController */,
				056A5936A58D86F561551F65 /* View */,
			);
			path = Base;
			sourceTree = "<group>";
		};
		1F94BE138E32BB8A1CB1A01F /* iOS */ = {
			isa = PBXGroup;
			children = (
				0DE3A9CE19E31FC78B08C254 /* Foundation.framework */,
			);
			name = iOS;
			sourceTree = "<group>";
		};
		4AED377557A6AFC62AE3A6C2 = {
			isa = PBXGroup;
			children = (
				6C4174B1618B0BC28BD587A3 /* MWPiOSLibrary */,
				796E9E16C7515AF9C2A077D7 /* UnitTests */,
				8653A949F6A54D00AE568F46 /* Frameworks */,
				86A5F277C1F7DB2540D1EE7F /* Products */,
				996397F795B9826F79F767ED /* Pods */,
			);
			indentWidth = 4;
			sourceTree = "<group>";
			tabWidth = 4;
			usesTabs = 0;
		};
		69D3255C81373B8CDF5E2D1A /* Resource */ = {
			isa = PBXGroup;
			children = (
				00D02A922F29EF5FB5744F0F /* Plist */,
				D360A83F31E2A2601CCAB252 /* Images.xcassets */,
				BE2CC2BC858E355A3CF98AE6 /* Language */,
			);
			path = Resource;
			sourceTree = "<group>";
		};
		6C4174B1618B0BC28BD587A3 /* MWPiOSLibrary */ = {
			isa = PBXGroup;
			children = (
				DDCB174C32A2747D5C2B4D46 /* Application */,
				D5CE279857A5AA8DCC51584C /* Helper */,
				A6EE138E5F74EC0CF364283A /* Macro */,
				EEA2CBC8BE0141AE9AF161F8 /* Module */,
				69D3255C81373B8CDF5E2D1A /* Resource */,
				B9286C222C9DFE08D782D18E /* Vendor */,
			);
			path = MWPiOSLibrary;
			sourceTree = "<group>";
		};
		796E9E16C7515AF9C2A077D7 /* UnitTests */ = {
			isa = PBXGroup;
			children = (
				C8E158BABBE5AB17FEFAB911 /* Resources */,
				A8080A0A0FE1C8589FF06E59 /* Helpers */,
				E2C9931BF417AC9F0CFA368A /* Tests */,
			);
			path = UnitTests;
			sourceTree = "<group>";
		};
		8653A949F6A54D00AE568F46 /* Frameworks */ = {
			isa = PBXGroup;
			children = (
				1F94BE138E32BB8A1CB1A01F /* iOS */,
				60986D4491186313655295F0 /* libPods-MWPiOSLibrary.a */,
				0A607CDB638F06585BAB90B3 /* libPods-unit_tests-UnitTests.a */,
			);
			name = Frameworks;
			sourceTree = "<group>";
		};
		86A5F277C1F7DB2540D1EE7F /* Products */ = {
			isa = PBXGroup;
			children = (
				416E8774A454E31DA735695B /* MWPiOSLibrary.app */,
				2748354CA9048B541818F56E /* UnitTests.xctest */,
			);
			name = Products;
			sourceTree = "<group>";
		};
		996397F795B9826F79F767ED /* Pods */ = {
			isa = PBXGroup;
			children = (
				FAF826039082853C78B856BA /* Pods-MWPiOSLibrary.release.xcconfig */,
				05F99C60C1762708DE3BB878 /* Pods-MWPiOSLibrary.debug.xcconfig */,
				2626B43C02C7ED91C67F9D5F /* Pods-MWPiOSLibrary.qa.xcconfig */,
				3CDA6D935228E41B4040542C /* Pods-MWPiOSLibrary.adhoc.xcconfig */,
				C1F8B71EEF8102641F3F3DDA /* Pods-unit_tests-UnitTests.release.xcconfig */,
				EA8DC57F4E07F1F0DD4C123F /* Pods-unit_tests-UnitTests.debug.xcconfig */,
				C0FF6332677A6FE431C1A77A /* Pods-unit_tests-UnitTests.qa.xcconfig */,
				DA93D57A5A8CA1053CE0836C /* Pods-unit_tests-UnitTests.adhoc.xcconfig */,
			);
			name = Pods;
			sourceTree = "<group>";
		};
		A6EE138E5F74EC0CF364283A /* Macro */ = {
			isa = PBXGroup;
			children = (
				DF51C2A50172A8C5C7718BB7 /* MWPMacro.h */,
				539135E9EE5A2011AFACF386 /* MWPApiMacro.h */,
				941E41FB0E13E5365A8D09A3 /* MWPNotificationMacro.h */,
				89017BAF769C5F1BD8E58718 /* MWPFontMacro.h */,
				E123E88848EDA484EE8C75B2 /* MWPColorMacro.h */,
				4D0AA6F02E5148416E328E30 /* MWPVendorMacro.h */,
				0E95A0721E018A8B00CE6E66 /* MWPApplicationMacro.h */,
			);
			path = Macro;
			sourceTree = "<group>";
		};
		A8080A0A0FE1C8589FF06E59 /* Helpers */ = {
			isa = PBXGroup;
			children = (
			);
			path = Helpers;
			sourceTree = "<group>";
		};
		B3B60DFD406EBB8D42577076 /* ViewModel */ = {
			isa = PBXGroup;
			children = (
				0E333BBF1E18F156001A2496 /* MWPBaseViewModel.h */,
				0E333BC01E18F156001A2496 /* MWPBaseViewModel.m */,
				0E333BDB1E19047D001A2496 /* MWPBaseListViewModel.h */,
				0E333BDC1E19047D001A2496 /* MWPBaseListViewModel.m */,
			);
			path = ViewModel;
			sourceTree = "<group>";
		};
		B9286C222C9DFE08D782D18E /* Vendor */ = {
			isa = PBXGroup;
			children = (
			);
			path = Vendor;
			sourceTree = "<group>";
		};
		BE2CC2BC858E355A3CF98AE6 /* Language */ = {
			isa = PBXGroup;
			children = (
			);
			path = Language;
			sourceTree = "<group>";
		};
		C8E158BABBE5AB17FEFAB911 /* Resources */ = {
			isa = PBXGroup;
			children = (
				4F2E90BFCEFD962478FD7984 /* UnitTests-Info.plist */,
				BEC645320DC37890DAC9AE22 /* UnitTests-Prefix.pch */,
			);
			path = Resources;
			sourceTree = "<group>";
		};
		CB1F9559CBDD81D45393317A /* DataManager */ = {
			isa = PBXGroup;
			children = (
			);
			path = DataManager;
			sourceTree = "<group>";
		};
		D5CE279857A5AA8DCC51584C /* Helper */ = {
			isa = PBXGroup;
			children = (
				0E1ADEAB1E2144C1007EEACD /* Toast */,
				0E26F3941E065F9C000780D0 /* Network */,
				0E95A0771E0230E000CE6E66 /* Log */,
				06A4FD06F417E002C66A0991 /* Category */,
			);
			path = Helper;
			sourceTree = "<group>";
		};
		DDCB174C32A2747D5C2B4D46 /* Application */ = {
			isa = PBXGroup;
			children = (
				0EF0F3A91E03869C00B5F0A3 /* AppDelegateService */,
				25FBC3579BF7A875629A3746 /* main.m */,
				FB400EF9838F4B7C5E3F54BE /* AppDelegate.h */,
				0969C6A6F98B4F356500B3E3 /* AppDelegate.m */,
				11EA1346795476457926C53D /* LaunchScreen.xib */,
				D91E3E6543A36303AAAF1A51 /* MWPiOSLibrary-Prefix.pch */,
			);
			path = Application;
			sourceTree = "<group>";
		};
		E2C9931BF417AC9F0CFA368A /* Tests */ = {
			isa = PBXGroup;
			children = (
			);
			path = Tests;
			sourceTree = "<group>";
		};
		ECD80AE62A9A9037FE98482C /* ViewController */ = {
			isa = PBXGroup;
			children = (
				0E333BE11E1A5085001A2496 /* MWPBaseViewController.h */,
				0E333BE21E1A5085001A2496 /* MWPBaseViewController.m */,
				0E333BE41E1A50B8001A2496 /* MWPBaseListViewController.h */,
				0E333BE51E1A50B8001A2496 /* MWPBaseListViewController.m */,
			);
			path = ViewController;
			sourceTree = "<group>";
		};
		EEA2CBC8BE0141AE9AF161F8 /* Module */ = {
			isa = PBXGroup;
			children = (
				0E333BC21E1901AA001A2496 /* TestHotword */,
				1B9C02FFF269AD52973E7AF9 /* Base */,
			);
			path = Module;
			sourceTree = "<group>";
		};
/* End PBXGroup section */

/* Begin PBXNativeTarget section */
		7296A4F1745806EFE1B61E90 /* UnitTests */ = {
			isa = PBXNativeTarget;
			buildConfigurationList = 2130B7FCF52A0454A0E45B8C /* Build configuration list for PBXNativeTarget "UnitTests" */;
			buildPhases = (
				B78743A4DE80813D249686EF /* 📦 Check Pods Manifest.lock */,
				37FE447DB86ACA6559D84C53 /* Sources */,
				6B27BE51C0EACAD97E774775 /* Frameworks */,
				874A34121CC26CA7A714E2BD /* Resources */,
				6E3CBCD324DCC061839B8399 /* 📦 Embed Pods Frameworks */,
				1141161DA353C173C20AAE07 /* 📦 Copy Pods Resources */,
			);
			buildRules = (
			);
			dependencies = (
				F43355A7F5981D6783BB3964 /* PBXTargetDependency */,
			);
			name = UnitTests;
			productName = UnitTests;
			productReference = 2748354CA9048B541818F56E /* UnitTests.xctest */;
			productType = "com.apple.product-type.bundle.unit-test";
		};
		DE242ECF3E6831C8629B44FE /* MWPiOSLibrary */ = {
			isa = PBXNativeTarget;
			buildConfigurationList = A3382B57482B97EB65E38690 /* Build configuration list for PBXNativeTarget "MWPiOSLibrary" */;
			buildPhases = (
				7317D7511CA2FF0F82DF209E /* 📦 Check Pods Manifest.lock */,
				BBC7DC81A3E7ECB438190191 /* Sources */,
				935671936E96FBC40B88F03A /* Frameworks */,
				367AC5C9CBAEC6F74531EB0D /* Resources */,
				29B2A671A1213BB71D75B675 /* 📦 Embed Pods Frameworks */,
				F4FAFACAD02DBECC1A62895F /* 📦 Copy Pods Resources */,
				BBA473B67007A400A5A293AF /* Warn for TODO and FIXME comments */,
				E4F77A9459BB4F0BC7613BC5 /* Set version number */,
			);
			buildRules = (
			);
			dependencies = (
			);
			name = MWPiOSLibrary;
			productName = MWPiOSLibrary;
			productReference = 416E8774A454E31DA735695B /* MWPiOSLibrary.app */;
			productType = "com.apple.product-type.application";
		};
/* End PBXNativeTarget section */

/* Begin PBXProject section */
		49847336CFB820B516BAC577 /* Project object */ = {
			isa = PBXProject;
			attributes = {
				CLASSPREFIX = "";
				LastSwiftUpdateCheck = 0700;
				LastUpgradeCheck = 0700;
				ORGANIZATIONNAME = lmule;
				TargetAttributes = {
					DE242ECF3E6831C8629B44FE = {
						DevelopmentTeam = L62RSGRV2T;
					};
				};
			};
			buildConfigurationList = 0FAC86D6835EBAC294605038 /* Build configuration list for PBXProject "MWPiOSLibrary" */;
			compatibilityVersion = "Xcode 3.2";
			developmentRegion = English;
			hasScannedForEncodings = 0;
			knownRegions = (
				en,
			);
			mainGroup = 4AED377557A6AFC62AE3A6C2;
			productRefGroup = 86A5F277C1F7DB2540D1EE7F /* Products */;
			projectDirPath = "";
			projectRoot = "";
			targets = (
				DE242ECF3E6831C8629B44FE /* MWPiOSLibrary */,
				7296A4F1745806EFE1B61E90 /* UnitTests */,
			);
		};
/* End PBXProject section */

/* Begin PBXResourcesBuildPhase section */
		367AC5C9CBAEC6F74531EB0D /* Resources */ = {
			isa = PBXResourcesBuildPhase;
			buildActionMask = 2147483647;
			files = (
				0E333BD11E1901AA001A2496 /* .gitignore in Resources */,
				0E333BD01E1901AA001A2496 /* .gitignore in Resources */,
				2DE9BC91D6B19F75D5890F12 /* LaunchScreen.xib in Resources */,
				0E333BCF1E1901AA001A2496 /* .gitignore in Resources */,
				0FE8AF94182C5304346BCBAC /* Images.xcassets in Resources */,
			);
			runOnlyForDeploymentPostprocessing = 0;
		};
		874A34121CC26CA7A714E2BD /* Resources */ = {
			isa = PBXResourcesBuildPhase;
			buildActionMask = 2147483647;
			files = (
			);
			runOnlyForDeploymentPostprocessing = 0;
		};
/* End PBXResourcesBuildPhase section */

/* Begin PBXShellScriptBuildPhase section */
		1141161DA353C173C20AAE07 /* 📦 Copy Pods Resources */ = {
			isa = PBXShellScriptBuildPhase;
			buildActionMask = 2147483647;
			files = (
			);
			inputPaths = (
			);
			name = "📦 Copy Pods Resources";
			outputPaths = (
			);
			runOnlyForDeploymentPostprocessing = 0;
			shellPath = /bin/sh;
			shellScript = "\"${SRCROOT}/Pods/Target Support Files/Pods-unit_tests-UnitTests/Pods-unit_tests-UnitTests-resources.sh\"\n";
			showEnvVarsInLog = 0;
		};
		29B2A671A1213BB71D75B675 /* 📦 Embed Pods Frameworks */ = {
			isa = PBXShellScriptBuildPhase;
			buildActionMask = 2147483647;
			files = (
			);
			inputPaths = (
			);
			name = "📦 Embed Pods Frameworks";
			outputPaths = (
			);
			runOnlyForDeploymentPostprocessing = 0;
			shellPath = /bin/sh;
			shellScript = "\"${SRCROOT}/Pods/Target Support Files/Pods-MWPiOSLibrary/Pods-MWPiOSLibrary-frameworks.sh\"\n";
			showEnvVarsInLog = 0;
		};
		6E3CBCD324DCC061839B8399 /* 📦 Embed Pods Frameworks */ = {
			isa = PBXShellScriptBuildPhase;
			buildActionMask = 2147483647;
			files = (
			);
			inputPaths = (
			);
			name = "📦 Embed Pods Frameworks";
			outputPaths = (
			);
			runOnlyForDeploymentPostprocessing = 0;
			shellPath = /bin/sh;
			shellScript = "\"${SRCROOT}/Pods/Target Support Files/Pods-unit_tests-UnitTests/Pods-unit_tests-UnitTests-frameworks.sh\"\n";
			showEnvVarsInLog = 0;
		};
		7317D7511CA2FF0F82DF209E /* 📦 Check Pods Manifest.lock */ = {
			isa = PBXShellScriptBuildPhase;
			buildActionMask = 2147483647;
			files = (
			);
			inputPaths = (
			);
			name = "📦 Check Pods Manifest.lock";
			outputPaths = (
			);
			runOnlyForDeploymentPostprocessing = 0;
			shellPath = /bin/sh;
			shellScript = "diff \"${PODS_ROOT}/../Podfile.lock\" \"${PODS_ROOT}/Manifest.lock\" > /dev/null\nif [[ $? != 0 ]] ; then\n    cat << EOM\nerror: The sandbox is not in sync with the Podfile.lock. Run 'pod install' or update your CocoaPods installation.\nEOM\n    exit 1\nfi\n";
			showEnvVarsInLog = 0;
		};
		B78743A4DE80813D249686EF /* 📦 Check Pods Manifest.lock */ = {
			isa = PBXShellScriptBuildPhase;
			buildActionMask = 2147483647;
			files = (
			);
			inputPaths = (
			);
			name = "📦 Check Pods Manifest.lock";
			outputPaths = (
			);
			runOnlyForDeploymentPostprocessing = 0;
			shellPath = /bin/sh;
			shellScript = "diff \"${PODS_ROOT}/../Podfile.lock\" \"${PODS_ROOT}/Manifest.lock\" > /dev/null\nif [[ $? != 0 ]] ; then\n    cat << EOM\nerror: The sandbox is not in sync with the Podfile.lock. Run 'pod install' or update your CocoaPods installation.\nEOM\n    exit 1\nfi\n";
			showEnvVarsInLog = 0;
		};
		BBA473B67007A400A5A293AF /* Warn for TODO and FIXME comments */ = {
			isa = PBXShellScriptBuildPhase;
			buildActionMask = 2147483647;
			files = (
			);
			inputPaths = (
			);
			name = "Warn for TODO and FIXME comments";
			outputPaths = (
			);
			runOnlyForDeploymentPostprocessing = 0;
			shellPath = /bin/sh;
			shellScript = "KEYWORDS=\"TODO:|FIXME:|\\?\\?\\?:|\\!\\!\\!:\"\nFILE_EXTENSIONS=\"swift|h|m|mm|c|cpp\"\nfind -E \"${SRCROOT}\" -ipath \"${SRCROOT}/Carthage\" -o -ipath \"${SRCROOT}/pods\" -prune -o \\( -regex \".*\\.($FILE_EXTENSIONS)$\" \\) -print0 | xargs -0 egrep --with-filename --line-number --only-matching \"($KEYWORDS).*\\$\" | perl -p -e \"s/($KEYWORDS)/ warning: \\$1/\"\n";
		};
		E4F77A9459BB4F0BC7613BC5 /* Set version number */ = {
			isa = PBXShellScriptBuildPhase;
			buildActionMask = 2147483647;
			files = (
			);
			inputPaths = (
			);
			name = "Set version number";
			outputPaths = (
			);
			runOnlyForDeploymentPostprocessing = 0;
			shellPath = /bin/sh;
			shellScript = "git=$(sh /etc/profile; which git)\ngit_release_version=$(\"$git\" describe --tags --always --abbrev=0)\nnumber_of_commits=$(\"$git\" rev-list master --count)\ntarget_plist=\"$TARGET_BUILD_DIR/$INFOPLIST_PATH\"\ndsym_plist=\"$DWARF_DSYM_FOLDER_PATH/$DWARF_DSYM_FILE_NAME/Contents/Info.plist\"\n\nfor plist in \"$target_plist\" \"$dsym_plist\"; do\n  if [ -f \"$plist\" ]; then\n    /usr/libexec/PlistBuddy -c \"Set :CFBundleVersion $number_of_commits\" \"$plist\"\n    /usr/libexec/PlistBuddy -c \"Set :CFBundleShortVersionString ${git_release_version#*v}\" \"$plist\"\n  fi\ndone\n";
		};
		F4FAFACAD02DBECC1A62895F /* 📦 Copy Pods Resources */ = {
			isa = PBXShellScriptBuildPhase;
			buildActionMask = 2147483647;
			files = (
			);
			inputPaths = (
			);
			name = "📦 Copy Pods Resources";
			outputPaths = (
			);
			runOnlyForDeploymentPostprocessing = 0;
			shellPath = /bin/sh;
			shellScript = "\"${SRCROOT}/Pods/Target Support Files/Pods-MWPiOSLibrary/Pods-MWPiOSLibrary-resources.sh\"\n";
			showEnvVarsInLog = 0;
		};
/* End PBXShellScriptBuildPhase section */

/* Begin PBXSourcesBuildPhase section */
		37FE447DB86ACA6559D84C53 /* Sources */ = {
			isa = PBXSourcesBuildPhase;
			buildActionMask = 2147483647;
			files = (
			);
			runOnlyForDeploymentPostprocessing = 0;
		};
		BBC7DC81A3E7ECB438190191 /* Sources */ = {
			isa = PBXSourcesBuildPhase;
			buildActionMask = 2147483647;
			files = (
				0E333BE61E1A50B8001A2496 /* MWPBaseListViewController.m in Sources */,
				E35DB2756C61C4E5F2B077E6 /* main.m in Sources */,
				0E29ACB41E07B49800BA9120 /* MWPNetworkStatus.m in Sources */,
				0E1ADEAE1E2144DE007EEACD /* MWPToast.m in Sources */,
				0E333BE31E1A5085001A2496 /* MWPBaseViewController.m in Sources */,
				0E333BDA1E1902BE001A2496 /* ProductListViewModel.m in Sources */,
				0E2D79431E1BF6A700FD245F /* ProductCell.m in Sources */,
				0E9EF5311E1AA3F600486318 /* ProductModel.m in Sources */,
				0E333BDD1E19047D001A2496 /* MWPBaseListViewModel.m in Sources */,
				0E26F3971E065FE6000780D0 /* MWPCookie.m in Sources */,
				0E333BD71E1902AF001A2496 /* ProductListViewController.m in Sources */,
				0E29ACAD1E07AB0E00BA9120 /* MWPLogService.m in Sources */,
				0E333BE01E1952A4001A2496 /* MWPBaseModel.m in Sources */,
				0E333BC11E18F156001A2496 /* MWPBaseViewModel.m in Sources */,
				0E64C3A51E0D0C3900DE7A98 /* MWPNetwork.m in Sources */,
				0E29ACAE1E07AB0E00BA9120 /* MWPRootUIService.m in Sources */,
				0E95A07B1E02323C00CE6E66 /* MWPDDLogFormatter.m in Sources */,
				55B281850F0E0F82118CE8AC /* AppDelegate.m in Sources */,
				0E29ACB71E07C39600BA9120 /* MWPNetworkService.m in Sources */,
			);
			runOnlyForDeploymentPostprocessing = 0;
		};
/* End PBXSourcesBuildPhase section */

/* Begin PBXTargetDependency section */
		F43355A7F5981D6783BB3964 /* PBXTargetDependency */ = {
			isa = PBXTargetDependency;
			name = MWPiOSLibrary;
			target = DE242ECF3E6831C8629B44FE /* MWPiOSLibrary */;
			targetProxy = D398DF654C27C4DBB86F780C /* PBXContainerItemProxy */;
		};
/* End PBXTargetDependency section */

/* Begin XCBuildConfiguration section */
		0C0AD5BCC39FCECA38E232C7 /* Debug */ = {
			isa = XCBuildConfiguration;
			baseConfigurationReference = 05F99C60C1762708DE3BB878 /* Pods-MWPiOSLibrary.debug.xcconfig */;
			buildSettings = {
				ASSETCATALOG_COMPILER_APPICON_NAME = AppIcon;
				BUNDLE_DISPLAY_NAME_SUFFIX = .debug;
				BUNDLE_ID_SUFFIX = .debug;
				CODE_SIGN_IDENTITY = "iPhone Developer";
				"CODE_SIGN_IDENTITY[sdk=iphoneos*]" = "iPhone Developer";
				CODE_SIGN_RESOURCE_RULES_PATH = "$(SDKROOT)/ResourceRules.plist";
				ENABLE_STRICT_OBJC_MSGSEND = YES;
				GCC_PRECOMPILE_PREFIX_HEADER = YES;
				GCC_PREFIX_HEADER = "MWPiOSLibrary/Application/MWPiOSLibrary-Prefix.pch";
				INFOPLIST_FILE = MWPiOSLibrary/Resource/Plist/Info.plist;
				LD_RUNPATH_SEARCH_PATHS = "$(inherited) @executable_path/Frameworks";
				MTL_ENABLE_DEBUG_INFO = YES;
				PRODUCT_NAME = "$(TARGET_NAME)";
				PROVISIONING_PROFILE = "";
				SDKROOT = iphoneos;
			};
			name = Debug;
		};
		0EE4C3281E005E7C0056A276 /* QA */ = {
			isa = XCBuildConfiguration;
			baseConfigurationReference = C0FF6332677A6FE431C1A77A /* Pods-unit_tests-UnitTests.qa.xcconfig */;
			buildSettings = {
				PRODUCT_NAME = UnitTests;
			};
			name = QA;
		};
		0EE4C3291E005E7C0056A276 /* AdHoc */ = {
			isa = XCBuildConfiguration;
			baseConfigurationReference = DA93D57A5A8CA1053CE0836C /* Pods-unit_tests-UnitTests.adhoc.xcconfig */;
			buildSettings = {
				PRODUCT_NAME = UnitTests;
			};
			name = AdHoc;
		};
		2F90E37D5003C81865B19D0F /* Release */ = {
			isa = XCBuildConfiguration;
			buildSettings = {
				ALWAYS_SEARCH_USER_PATHS = NO;
				ASSETCATALOG_COMPILER_APPICON_NAME = AppIcon;
				CLANG_CXX_LANGUAGE_STANDARD = "gnu++0x";
				CLANG_CXX_LIBRARY = "libc++";
				CLANG_ENABLE_MODULES = YES;
				CLANG_ENABLE_OBJC_ARC = YES;
				CLANG_WARN_BOOL_CONVERSION = YES;
				CLANG_WARN_CONSTANT_CONVERSION = YES;
				CLANG_WARN_DEPRECATED_OBJC_IMPLEMENTATIONS = YES;
				CLANG_WARN_DIRECT_OBJC_ISA_USAGE = YES;
				CLANG_WARN_EMPTY_BODY = YES;
				CLANG_WARN_ENUM_CONVERSION = YES;
				CLANG_WARN_IMPLICIT_SIGN_CONVERSION = YES;
				CLANG_WARN_INT_CONVERSION = YES;
				CLANG_WARN_OBJC_IMPLICIT_RETAIN_SELF = YES;
				CLANG_WARN_OBJC_ROOT_CLASS = YES;
				CLANG_WARN_SUSPICIOUS_IMPLICIT_CONVERSION = YES;
				CLANG_WARN_UNREACHABLE_CODE = YES;
				CLANG_WARN__DUPLICATE_METHOD_MATCH = YES;
				"CODE_SIGN_IDENTITY[sdk=iphoneos*]" = "iPhone Developer";
				COPY_PHASE_STRIP = YES;
				ENABLE_NS_ASSERTIONS = NO;
				GCC_C_LANGUAGE_STANDARD = gnu99;
				GCC_WARN_64_TO_32_BIT_CONVERSION = YES;
				GCC_WARN_ABOUT_DEPRECATED_FUNCTIONS = YES;
				GCC_WARN_ABOUT_MISSING_FIELD_INITIALIZERS = YES;
				GCC_WARN_ABOUT_MISSING_NEWLINE = YES;
				GCC_WARN_ABOUT_RETURN_TYPE = YES;
				GCC_WARN_CHECK_SWITCH_STATEMENTS = YES;
				GCC_WARN_INITIALIZER_NOT_FULLY_BRACKETED = YES;
				GCC_WARN_MISSING_PARENTHESES = YES;
				GCC_WARN_SHADOW = YES;
				GCC_WARN_SIGN_COMPARE = YES;
				GCC_WARN_TYPECHECK_CALLS_TO_PRINTF = YES;
				GCC_WARN_UNDECLARED_SELECTOR = YES;
				GCC_WARN_UNINITIALIZED_AUTOS = YES;
				GCC_WARN_UNUSED_FUNCTION = YES;
				GCC_WARN_UNUSED_LABEL = YES;
				GCC_WARN_UNUSED_VALUE = YES;
				GCC_WARN_UNUSED_VARIABLE = YES;
				IPHONEOS_DEPLOYMENT_TARGET = 7.0;
				RUN_CLANG_STATIC_ANALYZER = YES;
				SDKROOT = iphoneos;
				VALIDATE_PRODUCT = YES;
			};
			name = Release;
		};
		6604135F18988375F37E3D81 /* Debug */ = {
			isa = XCBuildConfiguration;
			buildSettings = {
				ALWAYS_SEARCH_USER_PATHS = NO;
				ASSETCATALOG_COMPILER_APPICON_NAME = AppIcon;
				CLANG_CXX_LANGUAGE_STANDARD = "gnu++0x";
				CLANG_CXX_LIBRARY = "libc++";
				CLANG_ENABLE_MODULES = YES;
				CLANG_ENABLE_OBJC_ARC = YES;
				CLANG_WARN_BOOL_CONVERSION = YES;
				CLANG_WARN_CONSTANT_CONVERSION = YES;
				CLANG_WARN_DEPRECATED_OBJC_IMPLEMENTATIONS = YES;
				CLANG_WARN_DIRECT_OBJC_ISA_USAGE = YES;
				CLANG_WARN_EMPTY_BODY = YES;
				CLANG_WARN_ENUM_CONVERSION = YES;
				CLANG_WARN_IMPLICIT_SIGN_CONVERSION = YES;
				CLANG_WARN_INT_CONVERSION = YES;
				CLANG_WARN_OBJC_IMPLICIT_RETAIN_SELF = YES;
				CLANG_WARN_OBJC_ROOT_CLASS = YES;
				CLANG_WARN_SUSPICIOUS_IMPLICIT_CONVERSION = YES;
				CLANG_WARN_UNREACHABLE_CODE = YES;
				CLANG_WARN__DUPLICATE_METHOD_MATCH = YES;
				"CODE_SIGN_IDENTITY[sdk=iphoneos*]" = "iPhone Developer";
				COPY_PHASE_STRIP = NO;
				GCC_C_LANGUAGE_STANDARD = gnu99;
				GCC_DYNAMIC_NO_PIC = NO;
				GCC_OPTIMIZATION_LEVEL = 0;
				GCC_PREPROCESSOR_DEFINITIONS = (
					"DEBUG=1",
					"$(inherited)",
				);
				GCC_SYMBOLS_PRIVATE_EXTERN = NO;
				GCC_WARN_64_TO_32_BIT_CONVERSION = YES;
				GCC_WARN_ABOUT_DEPRECATED_FUNCTIONS = YES;
				GCC_WARN_ABOUT_MISSING_FIELD_INITIALIZERS = YES;
				GCC_WARN_ABOUT_MISSING_NEWLINE = YES;
				GCC_WARN_ABOUT_RETURN_TYPE = YES;
				GCC_WARN_CHECK_SWITCH_STATEMENTS = YES;
				GCC_WARN_INITIALIZER_NOT_FULLY_BRACKETED = YES;
				GCC_WARN_MISSING_PARENTHESES = YES;
				GCC_WARN_SHADOW = YES;
				GCC_WARN_SIGN_COMPARE = YES;
				GCC_WARN_TYPECHECK_CALLS_TO_PRINTF = YES;
				GCC_WARN_UNDECLARED_SELECTOR = YES;
				GCC_WARN_UNINITIALIZED_AUTOS = YES;
				GCC_WARN_UNUSED_FUNCTION = YES;
				GCC_WARN_UNUSED_LABEL = YES;
				GCC_WARN_UNUSED_VALUE = YES;
				GCC_WARN_UNUSED_VARIABLE = YES;
				IPHONEOS_DEPLOYMENT_TARGET = 7.0;
				ONLY_ACTIVE_ARCH = YES;
				RUN_CLANG_STATIC_ANALYZER = YES;
				SDKROOT = iphoneos;
			};
			name = Debug;
		};
		6AE762BA2D83420BED0EC8AA /* Release */ = {
			isa = XCBuildConfiguration;
			baseConfigurationReference = C1F8B71EEF8102641F3F3DDA /* Pods-unit_tests-UnitTests.release.xcconfig */;
			buildSettings = {
				BUNDLE_LOADER = "$(BUILT_PRODUCTS_DIR)/MWPiOSLibrary.app/MWPiOSLibrary";
				ENABLE_STRICT_OBJC_MSGSEND = YES;
				FRAMEWORK_SEARCH_PATHS = (
					"$(SDKROOT)/Developer/Library/Frameworks",
					"$(inherited)",
					"$(DEVELOPER_FRAMEWORKS_DIR)",
				);
				GCC_PREFIX_HEADER = "UnitTests/Resources/UnitTests-Prefix.pch";
				INFOPLIST_FILE = "UnitTests/Resources/UnitTests-Info.plist";
				PRODUCT_NAME = "$(TARGET_NAME)";
				SDKROOT = iphoneos;
				SKIP_INSTALL = YES;
				TEST_HOST = "$(BUNDLE_LOADER)";
				WRAPPER_EXTENSION = xctest;
			};
			name = Release;
		};
		8C8AA066C9BC87E631E2E79E /* QA */ = {
			isa = XCBuildConfiguration;
			buildSettings = {
				ALWAYS_SEARCH_USER_PATHS = NO;
				ASSETCATALOG_COMPILER_APPICON_NAME = AppIcon;
				CLANG_CXX_LANGUAGE_STANDARD = "gnu++0x";
				CLANG_CXX_LIBRARY = "libc++";
				CLANG_ENABLE_MODULES = YES;
				CLANG_ENABLE_OBJC_ARC = YES;
				CLANG_WARN_BOOL_CONVERSION = YES;
				CLANG_WARN_CONSTANT_CONVERSION = YES;
				CLANG_WARN_DEPRECATED_OBJC_IMPLEMENTATIONS = YES;
				CLANG_WARN_DIRECT_OBJC_ISA_USAGE = YES;
				CLANG_WARN_EMPTY_BODY = YES;
				CLANG_WARN_ENUM_CONVERSION = YES;
				CLANG_WARN_IMPLICIT_SIGN_CONVERSION = YES;
				CLANG_WARN_INT_CONVERSION = YES;
				CLANG_WARN_OBJC_IMPLICIT_RETAIN_SELF = YES;
				CLANG_WARN_OBJC_ROOT_CLASS = YES;
				CLANG_WARN_SUSPICIOUS_IMPLICIT_CONVERSION = YES;
				CLANG_WARN_UNREACHABLE_CODE = YES;
				CLANG_WARN__DUPLICATE_METHOD_MATCH = YES;
				"CODE_SIGN_IDENTITY[sdk=iphoneos*]" = "iPhone Developer";
				COPY_PHASE_STRIP = NO;
				GCC_C_LANGUAGE_STANDARD = gnu99;
				GCC_DYNAMIC_NO_PIC = NO;
				GCC_OPTIMIZATION_LEVEL = 0;
				GCC_PREPROCESSOR_DEFINITIONS = (
					"DEBUG=1",
					"$(inherited)",
				);
				GCC_SYMBOLS_PRIVATE_EXTERN = NO;
				GCC_WARN_64_TO_32_BIT_CONVERSION = YES;
				GCC_WARN_ABOUT_DEPRECATED_FUNCTIONS = YES;
				GCC_WARN_ABOUT_MISSING_FIELD_INITIALIZERS = YES;
				GCC_WARN_ABOUT_MISSING_NEWLINE = YES;
				GCC_WARN_ABOUT_RETURN_TYPE = YES;
				GCC_WARN_CHECK_SWITCH_STATEMENTS = YES;
				GCC_WARN_INITIALIZER_NOT_FULLY_BRACKETED = YES;
				GCC_WARN_MISSING_PARENTHESES = YES;
				GCC_WARN_SHADOW = YES;
				GCC_WARN_SIGN_COMPARE = YES;
				GCC_WARN_TYPECHECK_CALLS_TO_PRINTF = YES;
				GCC_WARN_UNDECLARED_SELECTOR = YES;
				GCC_WARN_UNINITIALIZED_AUTOS = YES;
				GCC_WARN_UNUSED_FUNCTION = YES;
				GCC_WARN_UNUSED_LABEL = YES;
				GCC_WARN_UNUSED_VALUE = YES;
				GCC_WARN_UNUSED_VARIABLE = YES;
				IPHONEOS_DEPLOYMENT_TARGET = 7.0;
				ONLY_ACTIVE_ARCH = YES;
				RUN_CLANG_STATIC_ANALYZER = YES;
				SDKROOT = iphoneos;
			};
			name = QA;
		};
		9E2619B4F30F740606B59650 /* Debug */ = {
			isa = XCBuildConfiguration;
			baseConfigurationReference = EA8DC57F4E07F1F0DD4C123F /* Pods-unit_tests-UnitTests.debug.xcconfig */;
			buildSettings = {
				BUNDLE_LOADER = "$(BUILT_PRODUCTS_DIR)/MWPiOSLibrary.app/MWPiOSLibrary";
				ENABLE_STRICT_OBJC_MSGSEND = YES;
				FRAMEWORK_SEARCH_PATHS = (
					"$(SDKROOT)/Developer/Library/Frameworks",
					"$(inherited)",
					"$(DEVELOPER_FRAMEWORKS_DIR)",
				);
				GCC_PREFIX_HEADER = "UnitTests/Resources/UnitTests-Prefix.pch";
				INFOPLIST_FILE = "UnitTests/Resources/UnitTests-Info.plist";
				PRODUCT_NAME = "$(TARGET_NAME)";
				SDKROOT = iphoneos;
				SKIP_INSTALL = YES;
				TEST_HOST = "$(BUNDLE_LOADER)";
				WRAPPER_EXTENSION = xctest;
			};
			name = Debug;
		};
		A1F54A74E0B6A4C5B5362DAB /* AdHoc */ = {
			isa = XCBuildConfiguration;
			baseConfigurationReference = 3CDA6D935228E41B4040542C /* Pods-MWPiOSLibrary.adhoc.xcconfig */;
			buildSettings = {
				ASSETCATALOG_COMPILER_APPICON_NAME = AppIcon;
				BUNDLE_DISPLAY_NAME_SUFFIX = .adhoc;
				BUNDLE_ID_SUFFIX = .adhoc;
				CODE_SIGN_IDENTITY = "iPhone Developer";
				"CODE_SIGN_IDENTITY[sdk=iphoneos*]" = "iPhone Developer";
				CODE_SIGN_RESOURCE_RULES_PATH = "$(SDKROOT)/ResourceRules.plist";
				ENABLE_STRICT_OBJC_MSGSEND = YES;
				GCC_PRECOMPILE_PREFIX_HEADER = YES;
				GCC_PREFIX_HEADER = "MWPiOSLibrary/Application/MWPiOSLibrary-Prefix.pch";
				GCC_PREPROCESSOR_DEFINITIONS = (
					"$(inherited)",
					"ADHOC=1",
				);
				INFOPLIST_FILE = MWPiOSLibrary/Resource/Plist/Info.plist;
				LD_RUNPATH_SEARCH_PATHS = "$(inherited) @executable_path/Frameworks";
				MTL_ENABLE_DEBUG_INFO = NO;
				PRODUCT_NAME = "$(TARGET_NAME)";
				PROVISIONING_PROFILE = "";
				SDKROOT = iphoneos;
			};
			name = AdHoc;
		};
		B6FF8198CF39F0AC019BC72B /* QA */ = {
			isa = XCBuildConfiguration;
			baseConfigurationReference = 2626B43C02C7ED91C67F9D5F /* Pods-MWPiOSLibrary.qa.xcconfig */;
			buildSettings = {
				ASSETCATALOG_COMPILER_APPICON_NAME = AppIcon;
				BUNDLE_DISPLAY_NAME_SUFFIX = .qa;
				BUNDLE_ID_SUFFIX = .qa;
				CODE_SIGN_IDENTITY = "iPhone Developer";
				"CODE_SIGN_IDENTITY[sdk=iphoneos*]" = "iPhone Developer";
				CODE_SIGN_RESOURCE_RULES_PATH = "$(SDKROOT)/ResourceRules.plist";
				ENABLE_STRICT_OBJC_MSGSEND = YES;
				GCC_PRECOMPILE_PREFIX_HEADER = YES;
				GCC_PREFIX_HEADER = "MWPiOSLibrary/Application/MWPiOSLibrary-Prefix.pch";
				GCC_PREPROCESSOR_DEFINITIONS = (
					"$(inherited)",
					"QA=1",
				);
				INFOPLIST_FILE = MWPiOSLibrary/Resource/Plist/Info.plist;
				LD_RUNPATH_SEARCH_PATHS = "$(inherited) @executable_path/Frameworks";
				MTL_ENABLE_DEBUG_INFO = NO;
				PRODUCT_NAME = "$(TARGET_NAME)";
				PROVISIONING_PROFILE = "";
				SDKROOT = iphoneos;
			};
			name = QA;
		};
		CAC93A38E46EE549F580D7D3 /* Release */ = {
			isa = XCBuildConfiguration;
			baseConfigurationReference = FAF826039082853C78B856BA /* Pods-MWPiOSLibrary.release.xcconfig */;
			buildSettings = {
				ASSETCATALOG_COMPILER_APPICON_NAME = AppIcon;
				CODE_SIGN_IDENTITY = "iPhone Developer";
				"CODE_SIGN_IDENTITY[sdk=iphoneos*]" = "iPhone Developer";
				CODE_SIGN_RESOURCE_RULES_PATH = "$(SDKROOT)/ResourceRules.plist";
				ENABLE_STRICT_OBJC_MSGSEND = YES;
				GCC_PRECOMPILE_PREFIX_HEADER = YES;
				GCC_PREFIX_HEADER = "MWPiOSLibrary/Application/MWPiOSLibrary-Prefix.pch";
				GCC_PREPROCESSOR_DEFINITIONS = (
					"$(inherited)",
					"RELEASE=1",
				);
				GCC_TREAT_WARNINGS_AS_ERRORS = YES;
				INFOPLIST_FILE = MWPiOSLibrary/Resource/Plist/Info.plist;
				LD_RUNPATH_SEARCH_PATHS = "$(inherited) @executable_path/Frameworks";
				MTL_ENABLE_DEBUG_INFO = NO;
				PRODUCT_NAME = "$(TARGET_NAME)";
				PROVISIONING_PROFILE = "";
				SDKROOT = iphoneos;
			};
			name = Release;
		};
		E44415922F21CBD4DAC705DE /* AdHoc */ = {
			isa = XCBuildConfiguration;
			buildSettings = {
				ALWAYS_SEARCH_USER_PATHS = NO;
				ASSETCATALOG_COMPILER_APPICON_NAME = AppIcon;
				CLANG_CXX_LANGUAGE_STANDARD = "gnu++0x";
				CLANG_CXX_LIBRARY = "libc++";
				CLANG_ENABLE_MODULES = YES;
				CLANG_ENABLE_OBJC_ARC = YES;
				CLANG_WARN_BOOL_CONVERSION = YES;
				CLANG_WARN_CONSTANT_CONVERSION = YES;
				CLANG_WARN_DEPRECATED_OBJC_IMPLEMENTATIONS = YES;
				CLANG_WARN_DIRECT_OBJC_ISA_USAGE = YES;
				CLANG_WARN_EMPTY_BODY = YES;
				CLANG_WARN_ENUM_CONVERSION = YES;
				CLANG_WARN_IMPLICIT_SIGN_CONVERSION = YES;
				CLANG_WARN_INT_CONVERSION = YES;
				CLANG_WARN_OBJC_IMPLICIT_RETAIN_SELF = YES;
				CLANG_WARN_OBJC_ROOT_CLASS = YES;
				CLANG_WARN_SUSPICIOUS_IMPLICIT_CONVERSION = YES;
				CLANG_WARN_UNREACHABLE_CODE = YES;
				CLANG_WARN__DUPLICATE_METHOD_MATCH = YES;
				"CODE_SIGN_IDENTITY[sdk=iphoneos*]" = "iPhone Developer";
				COPY_PHASE_STRIP = YES;
				ENABLE_NS_ASSERTIONS = NO;
				GCC_C_LANGUAGE_STANDARD = gnu99;
				GCC_WARN_64_TO_32_BIT_CONVERSION = YES;
				GCC_WARN_ABOUT_DEPRECATED_FUNCTIONS = YES;
				GCC_WARN_ABOUT_MISSING_FIELD_INITIALIZERS = YES;
				GCC_WARN_ABOUT_MISSING_NEWLINE = YES;
				GCC_WARN_ABOUT_RETURN_TYPE = YES;
				GCC_WARN_CHECK_SWITCH_STATEMENTS = YES;
				GCC_WARN_INITIALIZER_NOT_FULLY_BRACKETED = YES;
				GCC_WARN_MISSING_PARENTHESES = YES;
				GCC_WARN_SHADOW = YES;
				GCC_WARN_SIGN_COMPARE = YES;
				GCC_WARN_TYPECHECK_CALLS_TO_PRINTF = YES;
				GCC_WARN_UNDECLARED_SELECTOR = YES;
				GCC_WARN_UNINITIALIZED_AUTOS = YES;
				GCC_WARN_UNUSED_FUNCTION = YES;
				GCC_WARN_UNUSED_LABEL = YES;
				GCC_WARN_UNUSED_VALUE = YES;
				GCC_WARN_UNUSED_VARIABLE = YES;
				IPHONEOS_DEPLOYMENT_TARGET = 7.0;
				RUN_CLANG_STATIC_ANALYZER = YES;
				SDKROOT = iphoneos;
				VALIDATE_PRODUCT = YES;
			};
			name = AdHoc;
		};
/* End XCBuildConfiguration section */

/* Begin XCConfigurationList section */
		0FAC86D6835EBAC294605038 /* Build configuration list for PBXProject "MWPiOSLibrary" */ = {
			isa = XCConfigurationList;
			buildConfigurations = (
				6604135F18988375F37E3D81 /* Debug */,
				2F90E37D5003C81865B19D0F /* Release */,
				8C8AA066C9BC87E631E2E79E /* QA */,
				E44415922F21CBD4DAC705DE /* AdHoc */,
			);
			defaultConfigurationIsVisible = 0;
			defaultConfigurationName = Release;
		};
		2130B7FCF52A0454A0E45B8C /* Build configuration list for PBXNativeTarget "UnitTests" */ = {
			isa = XCConfigurationList;
			buildConfigurations = (
				6AE762BA2D83420BED0EC8AA /* Release */,
				9E2619B4F30F740606B59650 /* Debug */,
				0EE4C3281E005E7C0056A276 /* QA */,
				0EE4C3291E005E7C0056A276 /* AdHoc */,
			);
			defaultConfigurationIsVisible = 0;
			defaultConfigurationName = Release;
		};
		A3382B57482B97EB65E38690 /* Build configuration list for PBXNativeTarget "MWPiOSLibrary" */ = {
			isa = XCConfigurationList;
			buildConfigurations = (
				CAC93A38E46EE549F580D7D3 /* Release */,
				0C0AD5BCC39FCECA38E232C7 /* Debug */,
				B6FF8198CF39F0AC019BC72B /* QA */,
				A1F54A74E0B6A4C5B5362DAB /* AdHoc */,
			);
			defaultConfigurationIsVisible = 0;
			defaultConfigurationName = Release;
		};
/* End XCConfigurationList section */
	};
	rootObject = 49847336CFB820B516BAC577 /* Project object */;
}
